// !$*UTF8*$!
{
	archiveVersion = 1;
	classes = {
	};
	objectVersion = 46;
	objects = {

/* Begin PBXBuildFile section */
		F117ADC719EACF400085F06E /* AppDelegate.swift in Sources */ = {isa = PBXBuildFile; fileRef = F117ADC619EACF400085F06E /* AppDelegate.swift */; };
		F117ADC919EACF400085F06E /* ViewController.swift in Sources */ = {isa = PBXBuildFile; fileRef = F117ADC819EACF400085F06E /* ViewController.swift */; };
		F117ADCC19EACF400085F06E /* Main.storyboard in Resources */ = {isa = PBXBuildFile; fileRef = F117ADCA19EACF400085F06E /* Main.storyboard */; };
		F117ADCE19EACF400085F06E /* Images.xcassets in Resources */ = {isa = PBXBuildFile; fileRef = F117ADCD19EACF400085F06E /* Images.xcassets */; };
		F117ADD119EACF400085F06E /* LaunchScreen.xib in Resources */ = {isa = PBXBuildFile; fileRef = F117ADCF19EACF400085F06E /* LaunchScreen.xib */; };
		F117ADDD19EACF400085F06E /* FooberTests.swift in Sources */ = {isa = PBXBuildFile; fileRef = F117ADDC19EACF400085F06E /* FooberTests.swift */; };
		F117ADE919EAD0CE0085F06E /* Bolts.framework in Frameworks */ = {isa = PBXBuildFile; fileRef = F117ADE619EAD0CE0085F06E /* Bolts.framework */; };
		F117ADEA19EAD0CE0085F06E /* Parse.framework in Frameworks */ = {isa = PBXBuildFile; fileRef = F117ADE719EAD0CE0085F06E /* Parse.framework */; };
		F117ADEB19EAD0CE0085F06E /* ParseFacebookUtils.framework in Frameworks */ = {isa = PBXBuildFile; fileRef = F117ADE819EAD0CE0085F06E /* ParseFacebookUtils.framework */; };
		F117ADED19EAD0FE0085F06E /* AudioToolbox.framework in Frameworks */ = {isa = PBXBuildFile; fileRef = F117ADEC19EAD0FE0085F06E /* AudioToolbox.framework */; };
		F117ADEF19EAD1090085F06E /* CFNetwork.framework in Frameworks */ = {isa = PBXBuildFile; fileRef = F117ADEE19EAD1090085F06E /* CFNetwork.framework */; };
		F117ADF119EAD1140085F06E /* CoreGraphics.framework in Frameworks */ = {isa = PBXBuildFile; fileRef = F117ADF019EAD1140085F06E /* CoreGraphics.framework */; };
		F117ADF319EAD11D0085F06E /* CoreLocation.framework in Frameworks */ = {isa = PBXBuildFile; fileRef = F117ADF219EAD11D0085F06E /* CoreLocation.framework */; };
		F117ADF519EAD1250085F06E /* libz.dylib in Frameworks */ = {isa = PBXBuildFile; fileRef = F117ADF419EAD1250085F06E /* libz.dylib */; };
		F117ADF719EAD12E0085F06E /* MobileCoreServices.framework in Frameworks */ = {isa = PBXBuildFile; fileRef = F117ADF619EAD12E0085F06E /* MobileCoreServices.framework */; };
		F117ADF919EAD1360085F06E /* QuartzCore.framework in Frameworks */ = {isa = PBXBuildFile; fileRef = F117ADF819EAD1360085F06E /* QuartzCore.framework */; };
		F117ADFB19EAD13C0085F06E /* Security.framework in Frameworks */ = {isa = PBXBuildFile; fileRef = F117ADFA19EAD13C0085F06E /* Security.framework */; };
		F117ADFD19EAD1440085F06E /* StoreKit.framework in Frameworks */ = {isa = PBXBuildFile; fileRef = F117ADFC19EAD1440085F06E /* StoreKit.framework */; };
		F117ADFF19EAD1510085F06E /* SystemConfiguration.framework in Frameworks */ = {isa = PBXBuildFile; fileRef = F117ADFE19EAD1510085F06E /* SystemConfiguration.framework */; };
		F117AFB619EAD5E30085F06E /* FacebookSDK.framework in Frameworks */ = {isa = PBXBuildFile; fileRef = F117AFB519EAD5E30085F06E /* FacebookSDK.framework */; };
		F117AFB819EAD6B70085F06E /* Social.framework in Frameworks */ = {isa = PBXBuildFile; fileRef = F117AFB719EAD6B70085F06E /* Social.framework */; };
		F117AFBA19EAD6BE0085F06E /* Accounts.framework in Frameworks */ = {isa = PBXBuildFile; fileRef = F117AFB919EAD6BE0085F06E /* Accounts.framework */; };
		F1AC5E6D19EDBB0400DCBB16 /* RequestsPage.swift in Sources */ = {isa = PBXBuildFile; fileRef = F1AC5E6C19EDBB0400DCBB16 /* RequestsPage.swift */; };
		F1AC5E6F19EDBBAF00DCBB16 /* RequestCell.swift in Sources */ = {isa = PBXBuildFile; fileRef = F1AC5E6E19EDBBAF00DCBB16 /* RequestCell.swift */; };
/* End PBXBuildFile section */

/* Begin PBXContainerItemProxy section */
		F117ADD719EACF400085F06E /* PBXContainerItemProxy */ = {
			isa = PBXContainerItemProxy;
			containerPortal = F117ADB919EACF400085F06E /* Project object */;
			proxyType = 1;
			remoteGlobalIDString = F117ADC019EACF400085F06E;
			remoteInfo = Foober;
		};
/* End PBXContainerItemProxy section */

/* Begin PBXFileReference section */
		F117ADC119EACF400085F06E /* Foober.app */ = {isa = PBXFileReference; explicitFileType = wrapper.application; includeInIndex = 0; path = Foober.app; sourceTree = BUILT_PRODUCTS_DIR; };
		F117ADC519EACF400085F06E /* Info.plist */ = {isa = PBXFileReference; lastKnownFileType = text.plist.xml; path = Info.plist; sourceTree = "<group>"; };
		F117ADC619EACF400085F06E /* AppDelegate.swift */ = {isa = PBXFileReference; lastKnownFileType = sourcecode.swift; path = AppDelegate.swift; sourceTree = "<group>"; };
		F117ADC819EACF400085F06E /* ViewController.swift */ = {isa = PBXFileReference; lastKnownFileType = sourcecode.swift; path = ViewController.swift; sourceTree = "<group>"; };
		F117ADCB19EACF400085F06E /* Base */ = {isa = PBXFileReference; lastKnownFileType = file.storyboard; name = Base; path = Base.lproj/Main.storyboard; sourceTree = "<group>"; };
		F117ADCD19EACF400085F06E /* Images.xcassets */ = {isa = PBXFileReference; lastKnownFileType = folder.assetcatalog; path = Images.xcassets; sourceTree = "<group>"; };
		F117ADD019EACF400085F06E /* Base */ = {isa = PBXFileReference; lastKnownFileType = file.xib; name = Base; path = Base.lproj/LaunchScreen.xib; sourceTree = "<group>"; };
		F117ADD619EACF400085F06E /* FooberTests.xctest */ = {isa = PBXFileReference; explicitFileType = wrapper.cfbundle; includeInIndex = 0; path = FooberTests.xctest; sourceTree = BUILT_PRODUCTS_DIR; };
		F117ADDB19EACF400085F06E /* Info.plist */ = {isa = PBXFileReference; lastKnownFileType = text.plist.xml; path = Info.plist; sourceTree = "<group>"; };
		F117ADDC19EACF400085F06E /* FooberTests.swift */ = {isa = PBXFileReference; lastKnownFileType = sourcecode.swift; path = FooberTests.swift; sourceTree = "<group>"; };
		F117ADE619EAD0CE0085F06E /* Bolts.framework */ = {isa = PBXFileReference; lastKnownFileType = wrapper.framework; path = Bolts.framework; sourceTree = "<group>"; };
		F117ADE719EAD0CE0085F06E /* Parse.framework */ = {isa = PBXFileReference; lastKnownFileType = wrapper.framework; path = Parse.framework; sourceTree = "<group>"; };
		F117ADE819EAD0CE0085F06E /* ParseFacebookUtils.framework */ = {isa = PBXFileReference; lastKnownFileType = wrapper.framework; path = ParseFacebookUtils.framework; sourceTree = "<group>"; };
		F117ADEC19EAD0FE0085F06E /* AudioToolbox.framework */ = {isa = PBXFileReference; lastKnownFileType = wrapper.framework; name = AudioToolbox.framework; path = System/Library/Frameworks/AudioToolbox.framework; sourceTree = SDKROOT; };
		F117ADEE19EAD1090085F06E /* CFNetwork.framework */ = {isa = PBXFileReference; lastKnownFileType = wrapper.framework; name = CFNetwork.framework; path = System/Library/Frameworks/CFNetwork.framework; sourceTree = SDKROOT; };
		F117ADF019EAD1140085F06E /* CoreGraphics.framework */ = {isa = PBXFileReference; lastKnownFileType = wrapper.framework; name = CoreGraphics.framework; path = System/Library/Frameworks/CoreGraphics.framework; sourceTree = SDKROOT; };
		F117ADF219EAD11D0085F06E /* CoreLocation.framework */ = {isa = PBXFileReference; lastKnownFileType = wrapper.framework; name = CoreLocation.framework; path = System/Library/Frameworks/CoreLocation.framework; sourceTree = SDKROOT; };
		F117ADF419EAD1250085F06E /* libz.dylib */ = {isa = PBXFileReference; lastKnownFileType = "compiled.mach-o.dylib"; name = libz.dylib; path = usr/lib/libz.dylib; sourceTree = SDKROOT; };
		F117ADF619EAD12E0085F06E /* MobileCoreServices.framework */ = {isa = PBXFileReference; lastKnownFileType = wrapper.framework; name = MobileCoreServices.framework; path = System/Library/Frameworks/MobileCoreServices.framework; sourceTree = SDKROOT; };
		F117ADF819EAD1360085F06E /* QuartzCore.framework */ = {isa = PBXFileReference; lastKnownFileType = wrapper.framework; name = QuartzCore.framework; path = System/Library/Frameworks/QuartzCore.framework; sourceTree = SDKROOT; };
		F117ADFA19EAD13C0085F06E /* Security.framework */ = {isa = PBXFileReference; lastKnownFileType = wrapper.framework; name = Security.framework; path = System/Library/Frameworks/Security.framework; sourceTree = SDKROOT; };
		F117ADFC19EAD1440085F06E /* StoreKit.framework */ = {isa = PBXFileReference; lastKnownFileType = wrapper.framework; name = StoreKit.framework; path = System/Library/Frameworks/StoreKit.framework; sourceTree = SDKROOT; };
		F117ADFE19EAD1510085F06E /* SystemConfiguration.framework */ = {isa = PBXFileReference; lastKnownFileType = wrapper.framework; name = SystemConfiguration.framework; path = System/Library/Frameworks/SystemConfiguration.framework; sourceTree = SDKROOT; };
		F117AE0019EAD2010085F06E /* Foober-Bridging-Header.h */ = {isa = PBXFileReference; lastKnownFileType = sourcecode.c.h; path = "Foober-Bridging-Header.h"; sourceTree = "<group>"; };
		F117AFB519EAD5E30085F06E /* FacebookSDK.framework */ = {isa = PBXFileReference; lastKnownFileType = wrapper.framework; path = FacebookSDK.framework; sourceTree = "<group>"; };
		F117AFB719EAD6B70085F06E /* Social.framework */ = {isa = PBXFileReference; lastKnownFileType = wrapper.framework; name = Social.framework; path = System/Library/Frameworks/Social.framework; sourceTree = SDKROOT; };
		F117AFB919EAD6BE0085F06E /* Accounts.framework */ = {isa = PBXFileReference; lastKnownFileType = wrapper.framework; name = Accounts.framework; path = System/Library/Frameworks/Accounts.framework; sourceTree = SDKROOT; };
		F1AC5E6C19EDBB0400DCBB16 /* RequestsPage.swift */ = {isa = PBXFileReference; fileEncoding = 4; lastKnownFileType = sourcecode.swift; path = RequestsPage.swift; sourceTree = "<group>"; };
		F1AC5E6E19EDBBAF00DCBB16 /* RequestCell.swift */ = {isa = PBXFileReference; fileEncoding = 4; lastKnownFileType = sourcecode.swift; path = RequestCell.swift; sourceTree = "<group>"; };
/* End PBXFileReference section */

/* Begin PBXFrameworksBuildPhase section */
		F117ADBE19EACF400085F06E /* Frameworks */ = {
			isa = PBXFrameworksBuildPhase;
			buildActionMask = 2147483647;
			files = (
				F117AFBA19EAD6BE0085F06E /* Accounts.framework in Frameworks */,
				F117AFB819EAD6B70085F06E /* Social.framework in Frameworks */,
				F117ADFF19EAD1510085F06E /* SystemConfiguration.framework in Frameworks */,
				F117ADFD19EAD1440085F06E /* StoreKit.framework in Frameworks */,
				F117ADFB19EAD13C0085F06E /* Security.framework in Frameworks */,
				F117ADF919EAD1360085F06E /* QuartzCore.framework in Frameworks */,
				F117ADF719EAD12E0085F06E /* MobileCoreServices.framework in Frameworks */,
				F117ADF519EAD1250085F06E /* libz.dylib in Frameworks */,
				F117ADF319EAD11D0085F06E /* CoreLocation.framework in Frameworks */,
				F117ADF119EAD1140085F06E /* CoreGraphics.framework in Frameworks */,
				F117ADEF19EAD1090085F06E /* CFNetwork.framework in Frameworks */,
				F117ADED19EAD0FE0085F06E /* AudioToolbox.framework in Frameworks */,
				F117ADEA19EAD0CE0085F06E /* Parse.framework in Frameworks */,
				F117AFB619EAD5E30085F06E /* FacebookSDK.framework in Frameworks */,
				F117ADE919EAD0CE0085F06E /* Bolts.framework in Frameworks */,
				F117ADEB19EAD0CE0085F06E /* ParseFacebookUtils.framework in Frameworks */,
			);
			runOnlyForDeploymentPostprocessing = 0;
		};
		F117ADD319EACF400085F06E /* Frameworks */ = {
			isa = PBXFrameworksBuildPhase;
			buildActionMask = 2147483647;
			files = (
			);
			runOnlyForDeploymentPostprocessing = 0;
		};
/* End PBXFrameworksBuildPhase section */

/* Begin PBXGroup section */
		F117ADB819EACF400085F06E = {
			isa = PBXGroup;
			children = (
				F117AFB919EAD6BE0085F06E /* Accounts.framework */,
				F117AFB719EAD6B70085F06E /* Social.framework */,
				F117ADC319EACF400085F06E /* Foober */,
				F117AFB519EAD5E30085F06E /* FacebookSDK.framework */,
				F117ADFE19EAD1510085F06E /* SystemConfiguration.framework */,
				F117ADFC19EAD1440085F06E /* StoreKit.framework */,
				F117ADFA19EAD13C0085F06E /* Security.framework */,
				F117ADF819EAD1360085F06E /* QuartzCore.framework */,
				F117ADF619EAD12E0085F06E /* MobileCoreServices.framework */,
				F117ADF419EAD1250085F06E /* libz.dylib */,
				F117ADF219EAD11D0085F06E /* CoreLocation.framework */,
				F117ADF019EAD1140085F06E /* CoreGraphics.framework */,
				F117ADEE19EAD1090085F06E /* CFNetwork.framework */,
				F117ADEC19EAD0FE0085F06E /* AudioToolbox.framework */,
				F117ADD919EACF400085F06E /* FooberTests */,
				F117ADC219EACF400085F06E /* Products */,
				F117ADE619EAD0CE0085F06E /* Bolts.framework */,
				F117ADE719EAD0CE0085F06E /* Parse.framework */,
				F117ADE819EAD0CE0085F06E /* ParseFacebookUtils.framework */,
			);
			sourceTree = "<group>";
		};
		F117ADC219EACF400085F06E /* Products */ = {
			isa = PBXGroup;
			children = (
				F117ADC119EACF400085F06E /* Foober.app */,
				F117ADD619EACF400085F06E /* FooberTests.xctest */,
			);
			name = Products;
			sourceTree = "<group>";
		};
		F117ADC319EACF400085F06E /* Foober */ = {
			isa = PBXGroup;
			children = (
				F117ADC619EACF400085F06E /* AppDelegate.swift */,
				F117ADC819EACF400085F06E /* ViewController.swift */,
				F117ADCA19EACF400085F06E /* Main.storyboard */,
				F1AC5E6E19EDBBAF00DCBB16 /* RequestCell.swift */,
				F1AC5E6C19EDBB0400DCBB16 /* RequestsPage.swift */,
				F117ADCD19EACF400085F06E /* Images.xcassets */,
				F117ADCF19EACF400085F06E /* LaunchScreen.xib */,
				F117ADC419EACF400085F06E /* Supporting Files */,
				F117AE0019EAD2010085F06E /* Foober-Bridging-Header.h */,
			);
			path = Foober;
			sourceTree = "<group>";
		};
		F117ADC419EACF400085F06E /* Supporting Files */ = {
			isa = PBXGroup;
			children = (
				F117ADC519EACF400085F06E /* Info.plist */,
			);
			name = "Supporting Files";
			sourceTree = "<group>";
		};
		F117ADD919EACF400085F06E /* FooberTests */ = {
			isa = PBXGroup;
			children = (
				F117ADDC19EACF400085F06E /* FooberTests.swift */,
				F117ADDA19EACF400085F06E /* Supporting Files */,
			);
			path = FooberTests;
			sourceTree = "<group>";
		};
		F117ADDA19EACF400085F06E /* Supporting Files */ = {
			isa = PBXGroup;
			children = (
				F117ADDB19EACF400085F06E /* Info.plist */,
			);
			name = "Supporting Files";
			sourceTree = "<group>";
		};
/* End PBXGroup section */

/* Begin PBXNativeTarget section */
		F117ADC019EACF400085F06E /* Foober */ = {
			isa = PBXNativeTarget;
			buildConfigurationList = F117ADE019EACF400085F06E /* Build configuration list for PBXNativeTarget "Foober" */;
			buildPhases = (
				F117ADBD19EACF400085F06E /* Sources */,
				F117ADBE19EACF400085F06E /* Frameworks */,
				F117ADBF19EACF400085F06E /* Resources */,
			);
			buildRules = (
			);
			dependencies = (
			);
			name = Foober;
			productName = Foober;
			productReference = F117ADC119EACF400085F06E /* Foober.app */;
			productType = "com.apple.product-type.application";
		};
		F117ADD519EACF400085F06E /* FooberTests */ = {
			isa = PBXNativeTarget;
			buildConfigurationList = F117ADE319EACF400085F06E /* Build configuration list for PBXNativeTarget "FooberTests" */;
			buildPhases = (
				F117ADD219EACF400085F06E /* Sources */,
				F117ADD319EACF400085F06E /* Frameworks */,
				F117ADD419EACF400085F06E /* Resources */,
			);
			buildRules = (
			);
			dependencies = (
				F117ADD819EACF400085F06E /* PBXTargetDependency */,
			);
			name = FooberTests;
			productName = FooberTests;
			productReference = F117ADD619EACF400085F06E /* FooberTests.xctest */;
			productType = "com.apple.product-type.bundle.unit-test";
		};
/* End PBXNativeTarget section */

/* Begin PBXProject section */
		F117ADB919EACF400085F06E /* Project object */ = {
			isa = PBXProject;
			attributes = {
				LastUpgradeCheck = 0600;
				ORGANIZATIONNAME = "David Mattia";
				TargetAttributes = {
					F117ADC019EACF400085F06E = {
						CreatedOnToolsVersion = 6.0.1;
					};
					F117ADD519EACF400085F06E = {
						CreatedOnToolsVersion = 6.0.1;
						TestTargetID = F117ADC019EACF400085F06E;
					};
				};
			};
			buildConfigurationList = F117ADBC19EACF400085F06E /* Build configuration list for PBXProject "Foober" */;
			compatibilityVersion = "Xcode 3.2";
			developmentRegion = English;
			hasScannedForEncodings = 0;
			knownRegions = (
				en,
				Base,
				he,
			);
			mainGroup = F117ADB819EACF400085F06E;
			productRefGroup = F117ADC219EACF400085F06E /* Products */;
			projectDirPath = "";
			projectRoot = "";
			targets = (
				F117ADC019EACF400085F06E /* Foober */,
				F117ADD519EACF400085F06E /* FooberTests */,
			);
		};
/* End PBXProject section */

/* Begin PBXResourcesBuildPhase section */
		F117ADBF19EACF400085F06E /* Resources */ = {
			isa = PBXResourcesBuildPhase;
			buildActionMask = 2147483647;
			files = (
				F117ADCC19EACF400085F06E /* Main.storyboard in Resources */,
				F117ADD119EACF400085F06E /* LaunchScreen.xib in Resources */,
				F117ADCE19EACF400085F06E /* Images.xcassets in Resources */,
			);
			runOnlyForDeploymentPostprocessing = 0;
		};
		F117ADD419EACF400085F06E /* Resources */ = {
			isa = PBXResourcesBuildPhase;
			buildActionMask = 2147483647;
			files = (
			);
			runOnlyForDeploymentPostprocessing = 0;
		};
/* End PBXResourcesBuildPhase section */

/* Begin PBXSourcesBuildPhase section */
		F117ADBD19EACF400085F06E /* Sources */ = {
			isa = PBXSourcesBuildPhase;
			buildActionMask = 2147483647;
			files = (
				F117ADC919EACF400085F06E /* ViewController.swift in Sources */,
				F1AC5E6F19EDBBAF00DCBB16 /* RequestCell.swift in Sources */,
				F1AC5E6D19EDBB0400DCBB16 /* RequestsPage.swift in Sources */,
				F117ADC719EACF400085F06E /* AppDelegate.swift in Sources */,
			);
			runOnlyForDeploymentPostprocessing = 0;
		};
		F117ADD219EACF400085F06E /* Sources */ = {
			isa = PBXSourcesBuildPhase;
			buildActionMask = 2147483647;
			files = (
				F117ADDD19EACF400085F06E /* FooberTests.swift in Sources */,
			);
			runOnlyForDeploymentPostprocessing = 0;
		};
/* End PBXSourcesBuildPhase section */

/* Begin PBXTargetDependency section */
		F117ADD819EACF400085F06E /* PBXTargetDependency */ = {
			isa = PBXTargetDependency;
			target = F117ADC019EACF400085F06E /* Foober */;
			targetProxy = F117ADD719EACF400085F06E /* PBXContainerItemProxy */;
		};
/* End PBXTargetDependency section */

/* Begin PBXVariantGroup section */
		F117ADCA19EACF400085F06E /* Main.storyboard */ = {
			isa = PBXVariantGroup;
			children = (
				F117ADCB19EACF400085F06E /* Base */,
			);
			name = Main.storyboard;
			sourceTree = "<group>";
		};
		F117ADCF19EACF400085F06E /* LaunchScreen.xib */ = {
			isa = PBXVariantGroup;
			children = (
				F117ADD019EACF400085F06E /* Base */,
			);
			name = LaunchScreen.xib;
			sourceTree = "<group>";
		};
/* End PBXVariantGroup section */

/* Begin XCBuildConfiguration section */
		F117ADDE19EACF400085F06E /* Debug */ = {
			isa = XCBuildConfiguration;
			buildSettings = {
				ALWAYS_SEARCH_USER_PATHS = NO;
				CLANG_CXX_LANGUAGE_STANDARD = "gnu++0x";
				CLANG_CXX_LIBRARY = "libc++";
				CLANG_ENABLE_MODULES = YES;
				CLANG_ENABLE_OBJC_ARC = YES;
				CLANG_WARN_BOOL_CONVERSION = YES;
				CLANG_WARN_CONSTANT_CONVERSION = YES;
				CLANG_WARN_DIRECT_OBJC_ISA_USAGE = YES_ERROR;
				CLANG_WARN_EMPTY_BODY = YES;
				CLANG_WARN_ENUM_CONVERSION = YES;
				CLANG_WARN_INT_CONVERSION = YES;
				CLANG_WARN_OBJC_ROOT_CLASS = YES_ERROR;
				CLANG_WARN_UNREACHABLE_CODE = YES;
				CLANG_WARN__DUPLICATE_METHOD_MATCH = YES;
				"CODE_SIGN_IDENTITY[sdk=iphoneos*]" = "iPhone Developer";
				COPY_PHASE_STRIP = NO;
				ENABLE_STRICT_OBJC_MSGSEND = YES;
				GCC_C_LANGUAGE_STANDARD = gnu99;
				GCC_DYNAMIC_NO_PIC = NO;
				GCC_OPTIMIZATION_LEVEL = 0;
				GCC_PREPROCESSOR_DEFINITIONS = (
					"DEBUG=1",
					"$(inherited)",
				);
				GCC_SYMBOLS_PRIVATE_EXTERN = NO;
				GCC_WARN_64_TO_32_BIT_CONVERSION = YES;
				GCC_WARN_ABOUT_RETURN_TYPE = YES_ERROR;
				GCC_WARN_UNDECLARED_SELECTOR = YES;
				GCC_WARN_UNINITIALIZED_AUTOS = YES_AGGRESSIVE;
				GCC_WARN_UNUSED_FUNCTION = YES;
				GCC_WARN_UNUSED_VARIABLE = YES;
				IPHONEOS_DEPLOYMENT_TARGET = 8.0;
				MTL_ENABLE_DEBUG_INFO = YES;
				ONLY_ACTIVE_ARCH = YES;
				SDKROOT = iphoneos;
				SWIFT_OPTIMIZATION_LEVEL = "-Onone";
			};
			name = Debug;
		};
		F117ADDF19EACF400085F06E /* Release */ = {
			isa = XCBuildConfiguration;
			buildSettings = {
				ALWAYS_SEARCH_USER_PATHS = NO;
				CLANG_CXX_LANGUAGE_STANDARD = "gnu++0x";
				CLANG_CXX_LIBRARY = "libc++";
				CLANG_ENABLE_MODULES = YES;
				CLANG_ENABLE_OBJC_ARC = YES;
				CLANG_WARN_BOOL_CONVERSION = YES;
				CLANG_WARN_CONSTANT_CONVERSION = YES;
				CLANG_WARN_DIRECT_OBJC_ISA_USAGE = YES_ERROR;
				CLANG_WARN_EMPTY_BODY = YES;
				CLANG_WARN_ENUM_CONVERSION = YES;
				CLANG_WARN_INT_CONVERSION = YES;
				CLANG_WARN_OBJC_ROOT_CLASS = YES_ERROR;
				CLANG_WARN_UNREACHABLE_CODE = YES;
				CLANG_WARN__DUPLICATE_METHOD_MATCH = YES;
				"CODE_SIGN_IDENTITY[sdk=iphoneos*]" = "iPhone Developer";
				COPY_PHASE_STRIP = YES;
				ENABLE_NS_ASSERTIONS = NO;
				ENABLE_STRICT_OBJC_MSGSEND = YES;
				GCC_C_LANGUAGE_STANDARD = gnu99;
				GCC_WARN_64_TO_32_BIT_CONVERSION = YES;
				GCC_WARN_ABOUT_RETURN_TYPE = YES_ERROR;
				GCC_WARN_UNDECLARED_SELECTOR = YES;
				GCC_WARN_UNINITIALIZED_AUTOS = YES_AGGRESSIVE;
				GCC_WARN_UNUSED_FUNCTION = YES;
				GCC_WARN_UNUSED_VARIABLE = YES;
				IPHONEOS_DEPLOYMENT_TARGET = 8.0;
				MTL_ENABLE_DEBUG_INFO = NO;
				SDKROOT = iphoneos;
				VALIDATE_PRODUCT = YES;
			};
			name = Release;
		};
		F117ADE119EACF400085F06E /* Debug */ = {
			isa = XCBuildConfiguration;
			buildSettings = {
				ASSETCATALOG_COMPILER_APPICON_NAME = AppIcon;
				CLANG_ENABLE_MODULES = YES;
				FRAMEWORK_SEARCH_PATHS = (
					"$(inherited)",
					"$(PROJECT_DIR)",
					"$(PROJECT_DIR)/FacebookSDK",
					"$(PROJECT_DIR)/FacebookSDK/FBAudienceNetwork",
				);
				INFOPLIST_FILE = Foober/Info.plist;
				LD_RUNPATH_SEARCH_PATHS = "$(inherited) @executable_path/Frameworks";
				PRODUCT_NAME = "$(TARGET_NAME)";
				SWIFT_OBJC_BRIDGING_HEADER = "Foober/Foober-Bridging-Header.h";
				SWIFT_OPTIMIZATION_LEVEL = "-Onone";
			};
			name = Debug;
		};
		F117ADE219EACF400085F06E /* Release */ = {
			isa = XCBuildConfiguration;
			buildSettings = {
				ASSETCATALOG_COMPILER_APPICON_NAME = AppIcon;
				CLANG_ENABLE_MODULES = YES;
				FRAMEWORK_SEARCH_PATHS = (
					"$(inherited)",
					"$(PROJECT_DIR)",
					"$(PROJECT_DIR)/FacebookSDK",
					"$(PROJECT_DIR)/FacebookSDK/FBAudienceNetwork",
				);
				INFOPLIST_FILE = Foober/Info.plist;
				LD_RUNPATH_SEARCH_PATHS = "$(inherited) @executable_path/Frameworks";
				PRODUCT_NAME = "$(TARGET_NAME)";
				SWIFT_OBJC_BRIDGING_HEADER = "Foober/Foober-Bridging-Header.h";
			};
			name = Release;
		};
		F117ADE419EACF400085F06E /* Debug */ = {
			isa = XCBuildConfiguration;
			buildSettings = {
				BUNDLE_LOADER = "$(TEST_HOST)";
				FRAMEWORK_SEARCH_PATHS = (
					"$(SDKROOT)/Developer/Library/Frameworks",
					"$(inherited)",
				);
				GCC_PREPROCESSOR_DEFINITIONS = (
					"DEBUG=1",
					"$(inherited)",
				);
				INFOPLIST_FILE = FooberTests/Info.plist;
				LD_RUNPATH_SEARCH_PATHS = "$(inherited) @executable_path/Frameworks @loader_path/Frameworks";
				PRODUCT_NAME = "$(TARGET_NAME)";
				TEST_HOST = "$(BUILT_PRODUCTS_DIR)/Foober.app/Foober";
			};
			name = Debug;
		};
		F117ADE519EACF400085F06E /* Release */ = {
			isa = XCBuildConfiguration;
			buildSettings = {
				BUNDLE_LOADER = "$(TEST_HOST)";
				FRAMEWORK_SEARCH_PATHS = (
					"$(SDKROOT)/Developer/Library/Frameworks",
					"$(inherited)",
				);
				INFOPLIST_FILE = FooberTests/Info.plist;
				LD_RUNPATH_SEARCH_PATHS = "$(inherited) @executable_path/Frameworks @loader_path/Frameworks";
				PRODUCT_NAME = "$(TARGET_NAME)";
				TEST_HOST = "$(BUILT_PRODUCTS_DIR)/Foober.app/Foober";
			};
			name = Release;
		};
/* End XCBuildConfiguration section */

/* Begin XCConfigurationList section */
		F117ADBC19EACF400085F06E /* Build configuration list for PBXProject "Foober" */ = {
			isa = XCConfigurationList;
			buildConfigurations = (
				F117ADDE19EACF400085F06E /* Debug */,
				F117ADDF19EACF400085F06E /* Release */,
			);
			defaultConfigurationIsVisible = 0;
			defaultConfigurationName = Release;
		};
		F117ADE019EACF400085F06E /* Build configuration list for PBXNativeTarget "Foober" */ = {
			isa = XCConfigurationList;
			buildConfigurations = (
				F117ADE119EACF400085F06E /* Debug */,
				F117ADE219EACF400085F06E /* Release */,
			);
			defaultConfigurationIsVisible = 0;
			defaultConfigurationName = Release;
		};
		F117ADE319EACF400085F06E /* Build configuration list for PBXNativeTarget "FooberTests" */ = {
			isa = XCConfigurationList;
			buildConfigurations = (
				F117ADE419EACF400085F06E /* Debug */,
				F117ADE519EACF400085F06E /* Release */,
			);
			defaultConfigurationIsVisible = 0;
			defaultConfigurationName = Release;
		};
/* End XCConfigurationList section */
	};
	rootObject = F117ADB919EACF400085F06E /* Project object */;
}
